
Microsoft Visual Studio Solution File, Format Version 12.00
Project("{FAE04EC0-301F-11D3-BF4B-00C04F79EFBC}") = "AdventOfCode2023.Core", "AdventOfCode2023.Core\AdventOfCode2023.Core.csproj", "{4E4BF6CC-92B9-4BF6-803A-8156D43A698E}"
EndProject
Project("{FAE04EC0-301F-11D3-BF4B-00C04F79EFBC}") = "AdventOfCode2023.Core.Test", "AdventOfCode2023.Core.Test\AdventOfCode2023.Core.Test.csproj", "{39E20850-EBF3-4C38-BB83-20555DE67BBE}"
EndProject
Global
	GlobalSection(SolutionConfigurationPlatforms) = preSolution
		Debug|Any CPU = Debug|Any CPU
		Release|Any CPU = Release|Any CPU
	EndGlobalSection
	GlobalSection(ProjectConfigurationPlatforms) = postSolution
		{4E4BF6CC-92B9-4BF6-803A-8156D43A698E}.Debug|Any CPU.ActiveCfg = Debug|Any CPU
		{4E4BF6CC-92B9-4BF6-803A-8156D43A698E}.Debug|Any CPU.Build.0 = Debug|Any CPU
		{4E4BF6CC-92B9-4BF6-803A-8156D43A698E}.Release|Any CPU.ActiveCfg = Release|Any CPU
		{4E4BF6CC-92B9-4BF6-803A-8156D43A698E}.Release|Any CPU.Build.0 = Release|Any CPU
		{39E20850-EBF3-4C38-BB83-20555DE67BBE}.Debug|Any CPU.ActiveCfg = Debug|Any CPU
		{39E20850-EBF3-4C38-BB83-20555DE67BBE}.Debug|Any CPU.Build.0 = Debug|Any CPU
		{39E20850-EBF3-4C38-BB83-20555DE67BBE}.Release|Any CPU.ActiveCfg = Release|Any CPU
		{39E20850-EBF3-4C38-BB83-20555DE67BBE}.Release|Any CPU.Build.0 = Release|Any CPU
	EndGlobalSection
EndGlobal
